
Microsoft Visual Studio Solution File, Format Version 12.00
# Visual Studio Version 17
VisualStudioVersion = 17.13.35828.75 d17.13
MinimumVisualStudioVersion = 10.0.40219.1
Project("{8BC9CEB8-8B4A-11D0-8D11-00A0C91BC942}") = "Temp", "Temp.vcxproj", "{DF189B28-3508-4989-9298-780CE1BBE219}"
EndProject
Global
	GlobalSection(SolutionConfigurationPlatforms) = preSolution
		Debug|x64 = Debug|x64
		Debug|x86 = Debug|x86
		Release|x64 = Release|x64
		Release|x86 = Release|x86
	EndGlobalSection
	GlobalSection(ProjectConfigurationPlatforms) = postSolution
		{DF189B28-3508-4989-9298-780CE1BBE219}.Debug|x64.ActiveCfg = Debug|x64
		{DF189B28-3508-4989-9298-780CE1BBE219}.Debug|x64.Build.0 = Debug|x64
		{DF189B28-3508-4989-9298-780CE1BBE219}.Debug|x86.ActiveCfg = Debug|Win32
		{DF189B28-3508-4989-9298-780CE1BBE219}.Debug|x86.Build.0 = Debug|Win32
		{DF189B28-3508-4989-9298-780CE1BBE219}.Release|x64.ActiveCfg = Release|x64
		{DF189B28-3508-4989-9298-780CE1BBE219}.Release|x64.Build.0 = Release|x64
		{DF189B28-3508-4989-9298-780CE1BBE219}.Release|x86.ActiveCfg = Release|Win32
		{DF189B28-3508-4989-9298-780CE1BBE219}.Release|x86.Build.0 = Release|Win32
	EndGlobalSection
	GlobalSection(SolutionProperties) = preSolution
		HideSolutionNode = FALSE
	EndGlobalSection
	GlobalSection(ExtensibilityGlobals) = postSolution
		SolutionGuid = {871F6BEE-4478-4F60-AD30-EF50096F44CF}
	EndGlobalSection
EndGlobal
